// !$*UTF8*$!
{
	archiveVersion = 1;
	classes = {
	};
	objectVersion = 56;
	objects = {

/* Begin PBXBuildFile section */
		471EA41529BFE588009A6E4F /* AppFeature in Frameworks */ = {isa = PBXBuildFile; productRef = 471EA41429BFE588009A6E4F /* AppFeature */; };
		47A8BA1829D8E023004DD189 /* Intents.framework in Frameworks */ = {isa = PBXBuildFile; fileRef = 47A8BA1729D8E023004DD189 /* Intents.framework */; };
		47A8BA1B29D8E023004DD189 /* IntentHandler.swift in Sources */ = {isa = PBXBuildFile; fileRef = 47A8BA1A29D8E023004DD189 /* IntentHandler.swift */; };
		47A8BA2329D8E024004DD189 /* IntentsUI.framework in Frameworks */ = {isa = PBXBuildFile; fileRef = 47A8BA2229D8E024004DD189 /* IntentsUI.framework */; };
		47A8BA2629D8E024004DD189 /* IntentViewController.swift in Sources */ = {isa = PBXBuildFile; fileRef = 47A8BA2529D8E024004DD189 /* IntentViewController.swift */; };
		47A8BA2929D8E024004DD189 /* MainInterface.storyboard in Resources */ = {isa = PBXBuildFile; fileRef = 47A8BA2729D8E024004DD189 /* MainInterface.storyboard */; };
		47A8BA2E29D8E024004DD189 /* WordIntentsUI.appex in Embed Foundation Extensions */ = {isa = PBXBuildFile; fileRef = 47A8BA2129D8E024004DD189 /* WordIntentsUI.appex */; settings = {ATTRIBUTES = (RemoveHeadersOnCopy, ); }; };
		47A8BA3129D8E025004DD189 /* WordIntents.appex in Embed Foundation Extensions */ = {isa = PBXBuildFile; fileRef = 47A8BA1629D8E023004DD189 /* WordIntents.appex */; settings = {ATTRIBUTES = (RemoveHeadersOnCopy, ); }; };
		47D3198429BE5E6700F75A20 /* BrainLibraryFeature in Frameworks */ = {isa = PBXBuildFile; productRef = 47D3198329BE5E6700F75A20 /* BrainLibraryFeature */; };
		B93DC40729BAEBB500D08CAF /* WordyMeApp.swift in Sources */ = {isa = PBXBuildFile; fileRef = B93DC40629BAEBB500D08CAF /* WordyMeApp.swift */; };
		B93DC40B29BAEBB600D08CAF /* Assets.xcassets in Resources */ = {isa = PBXBuildFile; fileRef = B93DC40A29BAEBB600D08CAF /* Assets.xcassets */; };
		B93DC40E29BAEBB600D08CAF /* Preview Assets.xcassets in Resources */ = {isa = PBXBuildFile; fileRef = B93DC40D29BAEBB600D08CAF /* Preview Assets.xcassets */; };
		B93DC41E29BAEBB600D08CAF /* WordyMeTests.swift in Sources */ = {isa = PBXBuildFile; fileRef = B93DC41D29BAEBB600D08CAF /* WordyMeTests.swift */; };
		B93DC42829BAEBB600D08CAF /* WordyMeUITests.swift in Sources */ = {isa = PBXBuildFile; fileRef = B93DC42729BAEBB600D08CAF /* WordyMeUITests.swift */; };
		B93DC42A29BAEBB600D08CAF /* WordyMeUITestsLaunchTests.swift in Sources */ = {isa = PBXBuildFile; fileRef = B93DC42929BAEBB600D08CAF /* WordyMeUITestsLaunchTests.swift */; };
/* End PBXBuildFile section */

/* Begin PBXContainerItemProxy section */
		47A8BA2B29D8E024004DD189 /* PBXContainerItemProxy */ = {
			isa = PBXContainerItemProxy;
			containerPortal = B93DC3FB29BAEBB500D08CAF /* Project object */;
			proxyType = 1;
			remoteGlobalIDString = 47A8BA2029D8E024004DD189;
			remoteInfo = WordIntentsUI;
		};
		47A8BA2F29D8E025004DD189 /* PBXContainerItemProxy */ = {
			isa = PBXContainerItemProxy;
			containerPortal = B93DC3FB29BAEBB500D08CAF /* Project object */;
			proxyType = 1;
			remoteGlobalIDString = 47A8BA1529D8E023004DD189;
			remoteInfo = WordIntents;
		};
		B93DC41A29BAEBB600D08CAF /* PBXContainerItemProxy */ = {
			isa = PBXContainerItemProxy;
			containerPortal = B93DC3FB29BAEBB500D08CAF /* Project object */;
			proxyType = 1;
			remoteGlobalIDString = B93DC40229BAEBB500D08CAF;
			remoteInfo = WordyMe;
		};
		B93DC42429BAEBB600D08CAF /* PBXContainerItemProxy */ = {
			isa = PBXContainerItemProxy;
			containerPortal = B93DC3FB29BAEBB500D08CAF /* Project object */;
			proxyType = 1;
			remoteGlobalIDString = B93DC40229BAEBB500D08CAF;
			remoteInfo = WordyMe;
		};
/* End PBXContainerItemProxy section */

/* Begin PBXCopyFilesBuildPhase section */
		47A8BA2D29D8E024004DD189 /* Embed Foundation Extensions */ = {
			isa = PBXCopyFilesBuildPhase;
			buildActionMask = 2147483647;
			dstPath = "";
			dstSubfolderSpec = 13;
			files = (
				47A8BA3129D8E025004DD189 /* WordIntents.appex in Embed Foundation Extensions */,
				47A8BA2E29D8E024004DD189 /* WordIntentsUI.appex in Embed Foundation Extensions */,
			);
			name = "Embed Foundation Extensions";
			runOnlyForDeploymentPostprocessing = 0;
		};
/* End PBXCopyFilesBuildPhase section */

/* Begin PBXFileReference section */
		47A8BA1629D8E023004DD189 /* WordIntents.appex */ = {isa = PBXFileReference; explicitFileType = "wrapper.app-extension"; includeInIndex = 0; path = WordIntents.appex; sourceTree = BUILT_PRODUCTS_DIR; };
		47A8BA1729D8E023004DD189 /* Intents.framework */ = {isa = PBXFileReference; lastKnownFileType = wrapper.framework; name = Intents.framework; path = System/Library/Frameworks/Intents.framework; sourceTree = SDKROOT; };
		47A8BA1A29D8E023004DD189 /* IntentHandler.swift */ = {isa = PBXFileReference; lastKnownFileType = sourcecode.swift; path = IntentHandler.swift; sourceTree = "<group>"; };
		47A8BA1C29D8E023004DD189 /* Info.plist */ = {isa = PBXFileReference; lastKnownFileType = text.plist.xml; path = Info.plist; sourceTree = "<group>"; };
		47A8BA2129D8E024004DD189 /* WordIntentsUI.appex */ = {isa = PBXFileReference; explicitFileType = "wrapper.app-extension"; includeInIndex = 0; path = WordIntentsUI.appex; sourceTree = BUILT_PRODUCTS_DIR; };
		47A8BA2229D8E024004DD189 /* IntentsUI.framework */ = {isa = PBXFileReference; lastKnownFileType = wrapper.framework; name = IntentsUI.framework; path = System/Library/Frameworks/IntentsUI.framework; sourceTree = SDKROOT; };
		47A8BA2529D8E024004DD189 /* IntentViewController.swift */ = {isa = PBXFileReference; lastKnownFileType = sourcecode.swift; path = IntentViewController.swift; sourceTree = "<group>"; };
		47A8BA2829D8E024004DD189 /* Base */ = {isa = PBXFileReference; lastKnownFileType = file.storyboard; name = Base; path = Base.lproj/MainInterface.storyboard; sourceTree = "<group>"; };
		47A8BA2A29D8E024004DD189 /* Info.plist */ = {isa = PBXFileReference; lastKnownFileType = text.plist.xml; path = Info.plist; sourceTree = "<group>"; };
		B93A268529BC82330046F648 /* WordyMePackage */ = {isa = PBXFileReference; lastKnownFileType = text; path = WordyMePackage; sourceTree = SOURCE_ROOT; };
		B93DC40329BAEBB500D08CAF /* WordyMe.app */ = {isa = PBXFileReference; explicitFileType = wrapper.application; includeInIndex = 0; path = WordyMe.app; sourceTree = BUILT_PRODUCTS_DIR; };
		B93DC40629BAEBB500D08CAF /* WordyMeApp.swift */ = {isa = PBXFileReference; lastKnownFileType = sourcecode.swift; path = WordyMeApp.swift; sourceTree = "<group>"; };
		B93DC40A29BAEBB600D08CAF /* Assets.xcassets */ = {isa = PBXFileReference; lastKnownFileType = folder.assetcatalog; path = Assets.xcassets; sourceTree = "<group>"; };
		B93DC40D29BAEBB600D08CAF /* Preview Assets.xcassets */ = {isa = PBXFileReference; lastKnownFileType = folder.assetcatalog; path = "Preview Assets.xcassets"; sourceTree = "<group>"; };
		B93DC41429BAEBB600D08CAF /* Info.plist */ = {isa = PBXFileReference; lastKnownFileType = text.plist.xml; path = Info.plist; sourceTree = "<group>"; };
		B93DC41929BAEBB600D08CAF /* WordyMeTests.xctest */ = {isa = PBXFileReference; explicitFileType = wrapper.cfbundle; includeInIndex = 0; path = WordyMeTests.xctest; sourceTree = BUILT_PRODUCTS_DIR; };
		B93DC41D29BAEBB600D08CAF /* WordyMeTests.swift */ = {isa = PBXFileReference; lastKnownFileType = sourcecode.swift; path = WordyMeTests.swift; sourceTree = "<group>"; };
		B93DC42329BAEBB600D08CAF /* WordyMeUITests.xctest */ = {isa = PBXFileReference; explicitFileType = wrapper.cfbundle; includeInIndex = 0; path = WordyMeUITests.xctest; sourceTree = BUILT_PRODUCTS_DIR; };
		B93DC42729BAEBB600D08CAF /* WordyMeUITests.swift */ = {isa = PBXFileReference; lastKnownFileType = sourcecode.swift; path = WordyMeUITests.swift; sourceTree = "<group>"; };
		B93DC42929BAEBB600D08CAF /* WordyMeUITestsLaunchTests.swift */ = {isa = PBXFileReference; lastKnownFileType = sourcecode.swift; path = WordyMeUITestsLaunchTests.swift; sourceTree = "<group>"; };
/* End PBXFileReference section */

/* Begin PBXFrameworksBuildPhase section */
		47A8BA1329D8E023004DD189 /* Frameworks */ = {
			isa = PBXFrameworksBuildPhase;
			buildActionMask = 2147483647;
			files = (
				47A8BA1829D8E023004DD189 /* Intents.framework in Frameworks */,
			);
			runOnlyForDeploymentPostprocessing = 0;
		};
		47A8BA1E29D8E024004DD189 /* Frameworks */ = {
			isa = PBXFrameworksBuildPhase;
			buildActionMask = 2147483647;
			files = (
				47A8BA2329D8E024004DD189 /* IntentsUI.framework in Frameworks */,
			);
			runOnlyForDeploymentPostprocessing = 0;
		};
		B93DC40029BAEBB500D08CAF /* Frameworks */ = {
			isa = PBXFrameworksBuildPhase;
			buildActionMask = 2147483647;
			files = (
				47D3198429BE5E6700F75A20 /* BrainLibraryFeature in Frameworks */,
				471EA41529BFE588009A6E4F /* AppFeature in Frameworks */,
			);
			runOnlyForDeploymentPostprocessing = 0;
		};
		B93DC41629BAEBB600D08CAF /* Frameworks */ = {
			isa = PBXFrameworksBuildPhase;
			buildActionMask = 2147483647;
			files = (
			);
			runOnlyForDeploymentPostprocessing = 0;
		};
		B93DC42029BAEBB600D08CAF /* Frameworks */ = {
			isa = PBXFrameworksBuildPhase;
			buildActionMask = 2147483647;
			files = (
			);
			runOnlyForDeploymentPostprocessing = 0;
		};
/* End PBXFrameworksBuildPhase section */

/* Begin PBXGroup section */
		47A8BA1929D8E023004DD189 /* WordIntents */ = {
			isa = PBXGroup;
			children = (
				47A8BA1A29D8E023004DD189 /* IntentHandler.swift */,
				47A8BA1C29D8E023004DD189 /* Info.plist */,
			);
			path = WordIntents;
			sourceTree = "<group>";
		};
		47A8BA2429D8E024004DD189 /* WordIntentsUI */ = {
			isa = PBXGroup;
			children = (
				47A8BA2529D8E024004DD189 /* IntentViewController.swift */,
				47A8BA2729D8E024004DD189 /* MainInterface.storyboard */,
				47A8BA2A29D8E024004DD189 /* Info.plist */,
			);
			path = WordIntentsUI;
			sourceTree = "<group>";
		};
		B93A268629BCC1280046F648 /* Frameworks */ = {
			isa = PBXGroup;
			children = (
				47A8BA1729D8E023004DD189 /* Intents.framework */,
				47A8BA2229D8E024004DD189 /* IntentsUI.framework */,
			);
			name = Frameworks;
			sourceTree = "<group>";
		};
		B93DC3FA29BAEBB500D08CAF = {
			isa = PBXGroup;
			children = (
				B93DC40529BAEBB500D08CAF /* WordyMe */,
				B93DC41C29BAEBB600D08CAF /* WordyMeTests */,
				B93DC42629BAEBB600D08CAF /* WordyMeUITests */,
				47A8BA1929D8E023004DD189 /* WordIntents */,
				47A8BA2429D8E024004DD189 /* WordIntentsUI */,
				B93DC40429BAEBB500D08CAF /* Products */,
				B93A268629BCC1280046F648 /* Frameworks */,
			);
			sourceTree = "<group>";
		};
		B93DC40429BAEBB500D08CAF /* Products */ = {
			isa = PBXGroup;
			children = (
				B93DC40329BAEBB500D08CAF /* WordyMe.app */,
				B93DC41929BAEBB600D08CAF /* WordyMeTests.xctest */,
				B93DC42329BAEBB600D08CAF /* WordyMeUITests.xctest */,
				47A8BA1629D8E023004DD189 /* WordIntents.appex */,
				47A8BA2129D8E024004DD189 /* WordIntentsUI.appex */,
			);
			name = Products;
			sourceTree = "<group>";
		};
		B93DC40529BAEBB500D08CAF /* WordyMe */ = {
			isa = PBXGroup;
			children = (
				B93A268529BC82330046F648 /* WordyMePackage */,
				B93DC41429BAEBB600D08CAF /* Info.plist */,
				B93DC40629BAEBB500D08CAF /* WordyMeApp.swift */,
				B93DC40A29BAEBB600D08CAF /* Assets.xcassets */,
				B93DC40C29BAEBB600D08CAF /* Preview Content */,
			);
			path = WordyMe;
			sourceTree = "<group>";
		};
		B93DC40C29BAEBB600D08CAF /* Preview Content */ = {
			isa = PBXGroup;
			children = (
				B93DC40D29BAEBB600D08CAF /* Preview Assets.xcassets */,
			);
			path = "Preview Content";
			sourceTree = "<group>";
		};
		B93DC41C29BAEBB600D08CAF /* WordyMeTests */ = {
			isa = PBXGroup;
			children = (
				B93DC41D29BAEBB600D08CAF /* WordyMeTests.swift */,
			);
			path = WordyMeTests;
			sourceTree = "<group>";
		};
		B93DC42629BAEBB600D08CAF /* WordyMeUITests */ = {
			isa = PBXGroup;
			children = (
				B93DC42729BAEBB600D08CAF /* WordyMeUITests.swift */,
				B93DC42929BAEBB600D08CAF /* WordyMeUITestsLaunchTests.swift */,
			);
			path = WordyMeUITests;
			sourceTree = "<group>";
		};
/* End PBXGroup section */

/* Begin PBXNativeTarget section */
		47A8BA1529D8E023004DD189 /* WordIntents */ = {
			isa = PBXNativeTarget;
			buildConfigurationList = 47A8BA3529D8E025004DD189 /* Build configuration list for PBXNativeTarget "WordIntents" */;
			buildPhases = (
				47A8BA1229D8E023004DD189 /* Sources */,
				47A8BA1329D8E023004DD189 /* Frameworks */,
				47A8BA1429D8E023004DD189 /* Resources */,
			);
			buildRules = (
			);
			dependencies = (
			);
			name = WordIntents;
			productName = WordIntents;
			productReference = 47A8BA1629D8E023004DD189 /* WordIntents.appex */;
			productType = "com.apple.product-type.app-extension";
		};
		47A8BA2029D8E024004DD189 /* WordIntentsUI */ = {
			isa = PBXNativeTarget;
			buildConfigurationList = 47A8BA3229D8E025004DD189 /* Build configuration list for PBXNativeTarget "WordIntentsUI" */;
			buildPhases = (
				47A8BA1D29D8E024004DD189 /* Sources */,
				47A8BA1E29D8E024004DD189 /* Frameworks */,
				47A8BA1F29D8E024004DD189 /* Resources */,
			);
			buildRules = (
			);
			dependencies = (
			);
			name = WordIntentsUI;
			productName = WordIntentsUI;
			productReference = 47A8BA2129D8E024004DD189 /* WordIntentsUI.appex */;
			productType = "com.apple.product-type.app-extension";
		};
		B93DC40229BAEBB500D08CAF /* WordyMe */ = {
			isa = PBXNativeTarget;
			buildConfigurationList = B93DC42D29BAEBB600D08CAF /* Build configuration list for PBXNativeTarget "WordyMe" */;
			buildPhases = (
				B9B8A20129D886DF00BDFFF5 /* ShellScript */,
				B93DC3FF29BAEBB500D08CAF /* Sources */,
				B93DC40029BAEBB500D08CAF /* Frameworks */,
				B93DC40129BAEBB500D08CAF /* Resources */,
				47A8BA2D29D8E024004DD189 /* Embed Foundation Extensions */,
			);
			buildRules = (
			);
			dependencies = (
				47A8BA2C29D8E024004DD189 /* PBXTargetDependency */,
				47A8BA3029D8E025004DD189 /* PBXTargetDependency */,
			);
			name = WordyMe;
			packageProductDependencies = (
				47D3198329BE5E6700F75A20 /* BrainLibraryFeature */,
				471EA41429BFE588009A6E4F /* AppFeature */,
			);
			productName = WordyMe;
			productReference = B93DC40329BAEBB500D08CAF /* WordyMe.app */;
			productType = "com.apple.product-type.application";
		};
		B93DC41829BAEBB600D08CAF /* WordyMeTests */ = {
			isa = PBXNativeTarget;
			buildConfigurationList = B93DC43029BAEBB600D08CAF /* Build configuration list for PBXNativeTarget "WordyMeTests" */;
			buildPhases = (
				B93DC41529BAEBB600D08CAF /* Sources */,
				B93DC41629BAEBB600D08CAF /* Frameworks */,
				B93DC41729BAEBB600D08CAF /* Resources */,
			);
			buildRules = (
			);
			dependencies = (
				B93DC41B29BAEBB600D08CAF /* PBXTargetDependency */,
			);
			name = WordyMeTests;
			productName = WordyMeTests;
			productReference = B93DC41929BAEBB600D08CAF /* WordyMeTests.xctest */;
			productType = "com.apple.product-type.bundle.unit-test";
		};
		B93DC42229BAEBB600D08CAF /* WordyMeUITests */ = {
			isa = PBXNativeTarget;
			buildConfigurationList = B93DC43329BAEBB600D08CAF /* Build configuration list for PBXNativeTarget "WordyMeUITests" */;
			buildPhases = (
				B93DC41F29BAEBB600D08CAF /* Sources */,
				B93DC42029BAEBB600D08CAF /* Frameworks */,
				B93DC42129BAEBB600D08CAF /* Resources */,
			);
			buildRules = (
			);
			dependencies = (
				B93DC42529BAEBB600D08CAF /* PBXTargetDependency */,
			);
			name = WordyMeUITests;
			productName = WordyMeUITests;
			productReference = B93DC42329BAEBB600D08CAF /* WordyMeUITests.xctest */;
			productType = "com.apple.product-type.bundle.ui-testing";
		};
/* End PBXNativeTarget section */

/* Begin PBXProject section */
		B93DC3FB29BAEBB500D08CAF /* Project object */ = {
			isa = PBXProject;
			attributes = {
				BuildIndependentTargetsInParallel = 1;
				LastSwiftUpdateCheck = 1410;
				LastUpgradeCheck = 1410;
				TargetAttributes = {
					47A8BA1529D8E023004DD189 = {
						CreatedOnToolsVersion = 14.1;
					};
					47A8BA2029D8E024004DD189 = {
						CreatedOnToolsVersion = 14.1;
					};
					B93DC40229BAEBB500D08CAF = {
						CreatedOnToolsVersion = 14.1;
					};
					B93DC41829BAEBB600D08CAF = {
						CreatedOnToolsVersion = 14.1;
						TestTargetID = B93DC40229BAEBB500D08CAF;
					};
					B93DC42229BAEBB600D08CAF = {
						CreatedOnToolsVersion = 14.1;
						TestTargetID = B93DC40229BAEBB500D08CAF;
					};
				};
			};
			buildConfigurationList = B93DC3FE29BAEBB500D08CAF /* Build configuration list for PBXProject "WordyMe" */;
			compatibilityVersion = "Xcode 14.0";
			developmentRegion = en;
			hasScannedForEncodings = 0;
			knownRegions = (
				en,
				Base,
			);
			mainGroup = B93DC3FA29BAEBB500D08CAF;
			packageReferences = (
			);
			productRefGroup = B93DC40429BAEBB500D08CAF /* Products */;
			projectDirPath = "";
			projectRoot = "";
			targets = (
				B93DC40229BAEBB500D08CAF /* WordyMe */,
				B93DC41829BAEBB600D08CAF /* WordyMeTests */,
				B93DC42229BAEBB600D08CAF /* WordyMeUITests */,
				47A8BA1529D8E023004DD189 /* WordIntents */,
				47A8BA2029D8E024004DD189 /* WordIntentsUI */,
			);
		};
/* End PBXProject section */

/* Begin PBXResourcesBuildPhase section */
		47A8BA1429D8E023004DD189 /* Resources */ = {
			isa = PBXResourcesBuildPhase;
			buildActionMask = 2147483647;
			files = (
			);
			runOnlyForDeploymentPostprocessing = 0;
		};
		47A8BA1F29D8E024004DD189 /* Resources */ = {
			isa = PBXResourcesBuildPhase;
			buildActionMask = 2147483647;
			files = (
				47A8BA2929D8E024004DD189 /* MainInterface.storyboard in Resources */,
			);
			runOnlyForDeploymentPostprocessing = 0;
		};
		B93DC40129BAEBB500D08CAF /* Resources */ = {
			isa = PBXResourcesBuildPhase;
			buildActionMask = 2147483647;
			files = (
				B93DC40E29BAEBB600D08CAF /* Preview Assets.xcassets in Resources */,
				B93DC40B29BAEBB600D08CAF /* Assets.xcassets in Resources */,
			);
			runOnlyForDeploymentPostprocessing = 0;
		};
		B93DC41729BAEBB600D08CAF /* Resources */ = {
			isa = PBXResourcesBuildPhase;
			buildActionMask = 2147483647;
			files = (
			);
			runOnlyForDeploymentPostprocessing = 0;
		};
		B93DC42129BAEBB600D08CAF /* Resources */ = {
			isa = PBXResourcesBuildPhase;
			buildActionMask = 2147483647;
			files = (
			);
			runOnlyForDeploymentPostprocessing = 0;
		};
/* End PBXResourcesBuildPhase section */

/* Begin PBXShellScriptBuildPhase section */
		B9B8A20129D886DF00BDFFF5 /* ShellScript */ = {
			isa = PBXShellScriptBuildPhase;
			alwaysOutOfDate = 1;
			buildActionMask = 2147483647;
			files = (
			);
			inputFileListPaths = (
			);
			inputPaths = (
			);
			outputFileListPaths = (
			);
			outputPaths = (
			);
			runOnlyForDeploymentPostprocessing = 0;
			shellPath = /bin/sh;
			shellScript = "# cd BuildTools\nSDKROOT=(xcrun --sdk macosx --show-sdk-path)\n# swift package update #Uncomment this line temporarily to update the version used to the latest matching your BuildTools/Package.swift file\nswiftformat .\n";
		};
/* End PBXShellScriptBuildPhase section */

/* Begin PBXSourcesBuildPhase section */
		47A8BA1229D8E023004DD189 /* Sources */ = {
			isa = PBXSourcesBuildPhase;
			buildActionMask = 2147483647;
			files = (
				47A8BA1B29D8E023004DD189 /* IntentHandler.swift in Sources */,
			);
			runOnlyForDeploymentPostprocessing = 0;
		};
		47A8BA1D29D8E024004DD189 /* Sources */ = {
			isa = PBXSourcesBuildPhase;
			buildActionMask = 2147483647;
			files = (
				47A8BA2629D8E024004DD189 /* IntentViewController.swift in Sources */,
			);
			runOnlyForDeploymentPostprocessing = 0;
		};
		B93DC3FF29BAEBB500D08CAF /* Sources */ = {
			isa = PBXSourcesBuildPhase;
			buildActionMask = 2147483647;
			files = (
				B93DC40729BAEBB500D08CAF /* WordyMeApp.swift in Sources */,
			);
			runOnlyForDeploymentPostprocessing = 0;
		};
		B93DC41529BAEBB600D08CAF /* Sources */ = {
			isa = PBXSourcesBuildPhase;
			buildActionMask = 2147483647;
			files = (
				B93DC41E29BAEBB600D08CAF /* WordyMeTests.swift in Sources */,
			);
			runOnlyForDeploymentPostprocessing = 0;
		};
		B93DC41F29BAEBB600D08CAF /* Sources */ = {
			isa = PBXSourcesBuildPhase;
			buildActionMask = 2147483647;
			files = (
				B93DC42A29BAEBB600D08CAF /* WordyMeUITestsLaunchTests.swift in Sources */,
				B93DC42829BAEBB600D08CAF /* WordyMeUITests.swift in Sources */,
			);
			runOnlyForDeploymentPostprocessing = 0;
		};
/* End PBXSourcesBuildPhase section */

/* Begin PBXTargetDependency section */
		47A8BA2C29D8E024004DD189 /* PBXTargetDependency */ = {
			isa = PBXTargetDependency;
			target = 47A8BA2029D8E024004DD189 /* WordIntentsUI */;
			targetProxy = 47A8BA2B29D8E024004DD189 /* PBXContainerItemProxy */;
		};
		47A8BA3029D8E025004DD189 /* PBXTargetDependency */ = {
			isa = PBXTargetDependency;
			target = 47A8BA1529D8E023004DD189 /* WordIntents */;
			targetProxy = 47A8BA2F29D8E025004DD189 /* PBXContainerItemProxy */;
		};
		B93DC41B29BAEBB600D08CAF /* PBXTargetDependency */ = {
			isa = PBXTargetDependency;
			target = B93DC40229BAEBB500D08CAF /* WordyMe */;
			targetProxy = B93DC41A29BAEBB600D08CAF /* PBXContainerItemProxy */;
		};
		B93DC42529BAEBB600D08CAF /* PBXTargetDependency */ = {
			isa = PBXTargetDependency;
			target = B93DC40229BAEBB500D08CAF /* WordyMe */;
			targetProxy = B93DC42429BAEBB600D08CAF /* PBXContainerItemProxy */;
		};
/* End PBXTargetDependency section */

/* Begin PBXVariantGroup section */
		47A8BA2729D8E024004DD189 /* MainInterface.storyboard */ = {
			isa = PBXVariantGroup;
			children = (
				47A8BA2829D8E024004DD189 /* Base */,
			);
			name = MainInterface.storyboard;
			sourceTree = "<group>";
		};
/* End PBXVariantGroup section */

/* Begin XCBuildConfiguration section */
		47A8BA3329D8E025004DD189 /* Debug */ = {
			isa = XCBuildConfiguration;
			buildSettings = {
				CODE_SIGN_STYLE = Automatic;
				CURRENT_PROJECT_VERSION = 1;
				DEVELOPMENT_TEAM = HL92L2PJSU;
				GENERATE_INFOPLIST_FILE = YES;
				INFOPLIST_FILE = WordIntentsUI/Info.plist;
				INFOPLIST_KEY_CFBundleDisplayName = WordIntentsUI;
				INFOPLIST_KEY_NSHumanReadableCopyright = "";
				LD_RUNPATH_SEARCH_PATHS = (
					"$(inherited)",
					"@executable_path/Frameworks",
					"@executable_path/../../Frameworks",
				);
				MARKETING_VERSION = 1.0;
				PRODUCT_BUNDLE_IDENTIFIER = com.christianleovido.WordyMeApp.WordIntentsUI;
				PRODUCT_NAME = "$(TARGET_NAME)";
				SKIP_INSTALL = YES;
				SWIFT_EMIT_LOC_STRINGS = YES;
				SWIFT_VERSION = 5.0;
				TARGETED_DEVICE_FAMILY = "1,2";
			};
			name = Debug;
		};
		47A8BA3429D8E025004DD189 /* Release */ = {
			isa = XCBuildConfiguration;
			buildSettings = {
				CODE_SIGN_STYLE = Automatic;
				CURRENT_PROJECT_VERSION = 1;
				DEVELOPMENT_TEAM = HL92L2PJSU;
				GENERATE_INFOPLIST_FILE = YES;
				INFOPLIST_FILE = WordIntentsUI/Info.plist;
				INFOPLIST_KEY_CFBundleDisplayName = WordIntentsUI;
				INFOPLIST_KEY_NSHumanReadableCopyright = "";
				LD_RUNPATH_SEARCH_PATHS = (
					"$(inherited)",
					"@executable_path/Frameworks",
					"@executable_path/../../Frameworks",
				);
				MARKETING_VERSION = 1.0;
				PRODUCT_BUNDLE_IDENTIFIER = com.christianleovido.WordyMeApp.WordIntentsUI;
				PRODUCT_NAME = "$(TARGET_NAME)";
				SKIP_INSTALL = YES;
				SWIFT_EMIT_LOC_STRINGS = YES;
				SWIFT_VERSION = 5.0;
				TARGETED_DEVICE_FAMILY = "1,2";
			};
			name = Release;
		};
		47A8BA3629D8E025004DD189 /* Debug */ = {
			isa = XCBuildConfiguration;
			buildSettings = {
				CODE_SIGN_STYLE = Automatic;
				CURRENT_PROJECT_VERSION = 1;
				DEVELOPMENT_TEAM = HL92L2PJSU;
				GENERATE_INFOPLIST_FILE = YES;
				INFOPLIST_FILE = WordIntents/Info.plist;
				INFOPLIST_KEY_CFBundleDisplayName = WordIntents;
				INFOPLIST_KEY_NSHumanReadableCopyright = "";
				LD_RUNPATH_SEARCH_PATHS = (
					"$(inherited)",
					"@executable_path/Frameworks",
					"@executable_path/../../Frameworks",
				);
				MARKETING_VERSION = 1.0;
				PRODUCT_BUNDLE_IDENTIFIER = com.christianleovido.WordyMeApp.WordIntents;
				PRODUCT_NAME = "$(TARGET_NAME)";
				SKIP_INSTALL = YES;
				SWIFT_EMIT_LOC_STRINGS = YES;
				SWIFT_VERSION = 5.0;
				TARGETED_DEVICE_FAMILY = "1,2";
			};
			name = Debug;
		};
		47A8BA3729D8E025004DD189 /* Release */ = {
			isa = XCBuildConfiguration;
			buildSettings = {
				CODE_SIGN_STYLE = Automatic;
				CURRENT_PROJECT_VERSION = 1;
				DEVELOPMENT_TEAM = HL92L2PJSU;
				GENERATE_INFOPLIST_FILE = YES;
				INFOPLIST_FILE = WordIntents/Info.plist;
				INFOPLIST_KEY_CFBundleDisplayName = WordIntents;
				INFOPLIST_KEY_NSHumanReadableCopyright = "";
				LD_RUNPATH_SEARCH_PATHS = (
					"$(inherited)",
					"@executable_path/Frameworks",
					"@executable_path/../../Frameworks",
				);
				MARKETING_VERSION = 1.0;
				PRODUCT_BUNDLE_IDENTIFIER = com.christianleovido.WordyMeApp.WordIntents;
				PRODUCT_NAME = "$(TARGET_NAME)";
				SKIP_INSTALL = YES;
				SWIFT_EMIT_LOC_STRINGS = YES;
				SWIFT_VERSION = 5.0;
				TARGETED_DEVICE_FAMILY = "1,2";
			};
			name = Release;
		};
		B93DC42B29BAEBB600D08CAF /* Debug */ = {
			isa = XCBuildConfiguration;
			buildSettings = {
				ALWAYS_SEARCH_USER_PATHS = NO;
				CLANG_ANALYZER_NONNULL = YES;
				CLANG_ANALYZER_NUMBER_OBJECT_CONVERSION = YES_AGGRESSIVE;
				CLANG_CXX_LANGUAGE_STANDARD = "gnu++20";
				CLANG_ENABLE_MODULES = YES;
				CLANG_ENABLE_OBJC_ARC = YES;
				CLANG_ENABLE_OBJC_WEAK = YES;
				CLANG_WARN_BLOCK_CAPTURE_AUTORELEASING = YES;
				CLANG_WARN_BOOL_CONVERSION = YES;
				CLANG_WARN_COMMA = YES;
				CLANG_WARN_CONSTANT_CONVERSION = YES;
				CLANG_WARN_DEPRECATED_OBJC_IMPLEMENTATIONS = YES;
				CLANG_WARN_DIRECT_OBJC_ISA_USAGE = YES_ERROR;
				CLANG_WARN_DOCUMENTATION_COMMENTS = YES;
				CLANG_WARN_EMPTY_BODY = YES;
				CLANG_WARN_ENUM_CONVERSION = YES;
				CLANG_WARN_INFINITE_RECURSION = YES;
				CLANG_WARN_INT_CONVERSION = YES;
				CLANG_WARN_NON_LITERAL_NULL_CONVERSION = YES;
				CLANG_WARN_OBJC_IMPLICIT_RETAIN_SELF = YES;
				CLANG_WARN_OBJC_LITERAL_CONVERSION = YES;
				CLANG_WARN_OBJC_ROOT_CLASS = YES_ERROR;
				CLANG_WARN_QUOTED_INCLUDE_IN_FRAMEWORK_HEADER = YES;
				CLANG_WARN_RANGE_LOOP_ANALYSIS = YES;
				CLANG_WARN_STRICT_PROTOTYPES = YES;
				CLANG_WARN_SUSPICIOUS_MOVE = YES;
				CLANG_WARN_UNGUARDED_AVAILABILITY = YES_AGGRESSIVE;
				CLANG_WARN_UNREACHABLE_CODE = YES;
				CLANG_WARN__DUPLICATE_METHOD_MATCH = YES;
				COPY_PHASE_STRIP = NO;
				DEBUG_INFORMATION_FORMAT = dwarf;
				ENABLE_STRICT_OBJC_MSGSEND = YES;
				ENABLE_TESTABILITY = YES;
				GCC_C_LANGUAGE_STANDARD = gnu11;
				GCC_DYNAMIC_NO_PIC = NO;
				GCC_NO_COMMON_BLOCKS = YES;
				GCC_OPTIMIZATION_LEVEL = 0;
				GCC_PREPROCESSOR_DEFINITIONS = (
					"DEBUG=1",
					"$(inherited)",
				);
				GCC_WARN_64_TO_32_BIT_CONVERSION = YES;
				GCC_WARN_ABOUT_RETURN_TYPE = YES_ERROR;
				GCC_WARN_UNDECLARED_SELECTOR = YES;
				GCC_WARN_UNINITIALIZED_AUTOS = YES_AGGRESSIVE;
				GCC_WARN_UNUSED_FUNCTION = YES;
				GCC_WARN_UNUSED_VARIABLE = YES;
				IPHONEOS_DEPLOYMENT_TARGET = 16.1;
				MTL_ENABLE_DEBUG_INFO = INCLUDE_SOURCE;
				MTL_FAST_MATH = YES;
				ONLY_ACTIVE_ARCH = YES;
				SDKROOT = iphoneos;
				SWIFT_ACTIVE_COMPILATION_CONDITIONS = DEBUG;
				SWIFT_OPTIMIZATION_LEVEL = "-Onone";
			};
			name = Debug;
		};
		B93DC42C29BAEBB600D08CAF /* Release */ = {
			isa = XCBuildConfiguration;
			buildSettings = {
				ALWAYS_SEARCH_USER_PATHS = NO;
				CLANG_ANALYZER_NONNULL = YES;
				CLANG_ANALYZER_NUMBER_OBJECT_CONVERSION = YES_AGGRESSIVE;
				CLANG_CXX_LANGUAGE_STANDARD = "gnu++20";
				CLANG_ENABLE_MODULES = YES;
				CLANG_ENABLE_OBJC_ARC = YES;
				CLANG_ENABLE_OBJC_WEAK = YES;
				CLANG_WARN_BLOCK_CAPTURE_AUTORELEASING = YES;
				CLANG_WARN_BOOL_CONVERSION = YES;
				CLANG_WARN_COMMA = YES;
				CLANG_WARN_CONSTANT_CONVERSION = YES;
				CLANG_WARN_DEPRECATED_OBJC_IMPLEMENTATIONS = YES;
				CLANG_WARN_DIRECT_OBJC_ISA_USAGE = YES_ERROR;
				CLANG_WARN_DOCUMENTATION_COMMENTS = YES;
				CLANG_WARN_EMPTY_BODY = YES;
				CLANG_WARN_ENUM_CONVERSION = YES;
				CLANG_WARN_INFINITE_RECURSION = YES;
				CLANG_WARN_INT_CONVERSION = YES;
				CLANG_WARN_NON_LITERAL_NULL_CONVERSION = YES;
				CLANG_WARN_OBJC_IMPLICIT_RETAIN_SELF = YES;
				CLANG_WARN_OBJC_LITERAL_CONVERSION = YES;
				CLANG_WARN_OBJC_ROOT_CLASS = YES_ERROR;
				CLANG_WARN_QUOTED_INCLUDE_IN_FRAMEWORK_HEADER = YES;
				CLANG_WARN_RANGE_LOOP_ANALYSIS = YES;
				CLANG_WARN_STRICT_PROTOTYPES = YES;
				CLANG_WARN_SUSPICIOUS_MOVE = YES;
				CLANG_WARN_UNGUARDED_AVAILABILITY = YES_AGGRESSIVE;
				CLANG_WARN_UNREACHABLE_CODE = YES;
				CLANG_WARN__DUPLICATE_METHOD_MATCH = YES;
				COPY_PHASE_STRIP = NO;
				DEBUG_INFORMATION_FORMAT = "dwarf-with-dsym";
				ENABLE_NS_ASSERTIONS = NO;
				ENABLE_STRICT_OBJC_MSGSEND = YES;
				GCC_C_LANGUAGE_STANDARD = gnu11;
				GCC_NO_COMMON_BLOCKS = YES;
				GCC_WARN_64_TO_32_BIT_CONVERSION = YES;
				GCC_WARN_ABOUT_RETURN_TYPE = YES_ERROR;
				GCC_WARN_UNDECLARED_SELECTOR = YES;
				GCC_WARN_UNINITIALIZED_AUTOS = YES_AGGRESSIVE;
				GCC_WARN_UNUSED_FUNCTION = YES;
				GCC_WARN_UNUSED_VARIABLE = YES;
				IPHONEOS_DEPLOYMENT_TARGET = 16.1;
				MTL_ENABLE_DEBUG_INFO = NO;
				MTL_FAST_MATH = YES;
				SDKROOT = iphoneos;
				SWIFT_COMPILATION_MODE = wholemodule;
				SWIFT_OPTIMIZATION_LEVEL = "-O";
				VALIDATE_PRODUCT = YES;
			};
			name = Release;
		};
		B93DC42E29BAEBB600D08CAF /* Debug */ = {
			isa = XCBuildConfiguration;
			buildSettings = {
				ALWAYS_EMBED_SWIFT_STANDARD_LIBRARIES = YES;
				ASSETCATALOG_COMPILER_APPICON_NAME = AppIcon;
				ASSETCATALOG_COMPILER_GLOBAL_ACCENT_COLOR_NAME = AccentColor;
				CODE_SIGN_STYLE = Automatic;
				CURRENT_PROJECT_VERSION = 1;
				DEVELOPMENT_ASSET_PATHS = "\"WordyMe/Preview Content\"";
				DEVELOPMENT_TEAM = HL92L2PJSU;
				ENABLE_PREVIEWS = YES;
				GENERATE_INFOPLIST_FILE = YES;
				INFOPLIST_FILE = WordyMe/Info.plist;
				INFOPLIST_KEY_NSFileProviderDomainUsageDescription = "";
				INFOPLIST_KEY_NSMicrophoneUsageDescription = "Capture your voice to add new words";
				INFOPLIST_KEY_NSSpeechRecognitionUsageDescription = "Requesting access to capture your voice and store a word";
				INFOPLIST_KEY_UIApplicationSceneManifest_Generation = YES;
				INFOPLIST_KEY_UIApplicationSupportsIndirectInputEvents = YES;
				INFOPLIST_KEY_UILaunchScreen_Generation = YES;
				INFOPLIST_KEY_UISupportedInterfaceOrientations = UIInterfaceOrientationPortrait;
				INFOPLIST_KEY_UISupportedInterfaceOrientations_iPad = "UIInterfaceOrientationLandscapeLeft UIInterfaceOrientationLandscapeRight UIInterfaceOrientationPortrait UIInterfaceOrientationPortraitUpsideDown";
				LD_RUNPATH_SEARCH_PATHS = (
					"$(inherited)",
					"@executable_path/Frameworks",
				);
				MARKETING_VERSION = 1.0;
				PRODUCT_BUNDLE_IDENTIFIER = com.christianleovido.WordyMeApp;
				PRODUCT_NAME = "$(TARGET_NAME)";
				SWIFT_EMIT_LOC_STRINGS = YES;
				SWIFT_VERSION = 5.0;
				TARGETED_DEVICE_FAMILY = "1,2";
			};
			name = Debug;
		};
		B93DC42F29BAEBB600D08CAF /* Release */ = {
			isa = XCBuildConfiguration;
			buildSettings = {
				ALWAYS_EMBED_SWIFT_STANDARD_LIBRARIES = YES;
				ASSETCATALOG_COMPILER_APPICON_NAME = AppIcon;
				ASSETCATALOG_COMPILER_GLOBAL_ACCENT_COLOR_NAME = AccentColor;
				CODE_SIGN_STYLE = Automatic;
				CURRENT_PROJECT_VERSION = 1;
				DEVELOPMENT_ASSET_PATHS = "\"WordyMe/Preview Content\"";
				DEVELOPMENT_TEAM = HL92L2PJSU;
				ENABLE_PREVIEWS = YES;
				GENERATE_INFOPLIST_FILE = YES;
				INFOPLIST_FILE = WordyMe/Info.plist;
				INFOPLIST_KEY_NSFileProviderDomainUsageDescription = "";
				INFOPLIST_KEY_NSMicrophoneUsageDescription = "Capture your voice to add new words";
				INFOPLIST_KEY_NSSpeechRecognitionUsageDescription = "Requesting access to capture your voice and store a word";
				INFOPLIST_KEY_UIApplicationSceneManifest_Generation = YES;
				INFOPLIST_KEY_UIApplicationSupportsIndirectInputEvents = YES;
				INFOPLIST_KEY_UILaunchScreen_Generation = YES;
				INFOPLIST_KEY_UISupportedInterfaceOrientations = UIInterfaceOrientationPortrait;
				INFOPLIST_KEY_UISupportedInterfaceOrientations_iPad = "UIInterfaceOrientationLandscapeLeft UIInterfaceOrientationLandscapeRight UIInterfaceOrientationPortrait UIInterfaceOrientationPortraitUpsideDown";
				LD_RUNPATH_SEARCH_PATHS = (
					"$(inherited)",
					"@executable_path/Frameworks",
				);
				MARKETING_VERSION = 1.0;
				PRODUCT_BUNDLE_IDENTIFIER = com.christianleovido.WordyMeApp;
				PRODUCT_NAME = "$(TARGET_NAME)";
				SWIFT_EMIT_LOC_STRINGS = YES;
				SWIFT_VERSION = 5.0;
				TARGETED_DEVICE_FAMILY = "1,2";
			};
			name = Release;
		};
		B93DC43129BAEBB600D08CAF /* Debug */ = {
			isa = XCBuildConfiguration;
			buildSettings = {
				ALWAYS_EMBED_SWIFT_STANDARD_LIBRARIES = YES;
				BUNDLE_LOADER = "$(TEST_HOST)";
				CODE_SIGN_STYLE = Automatic;
				CURRENT_PROJECT_VERSION = 1;
				DEVELOPMENT_TEAM = KHVGXZ39NW;
				GENERATE_INFOPLIST_FILE = YES;
				IPHONEOS_DEPLOYMENT_TARGET = 16.1;
				MARKETING_VERSION = 1.0;
				PRODUCT_BUNDLE_IDENTIFIER = com.christianleovido.WordyMeTests;
				PRODUCT_NAME = "$(TARGET_NAME)";
				SWIFT_EMIT_LOC_STRINGS = NO;
				SWIFT_VERSION = 5.0;
				TARGETED_DEVICE_FAMILY = "1,2";
				TEST_HOST = "$(BUILT_PRODUCTS_DIR)/WordyMe.app/$(BUNDLE_EXECUTABLE_FOLDER_PATH)/WordyMe";
			};
			name = Debug;
		};
		B93DC43229BAEBB600D08CAF /* Release */ = {
			isa = XCBuildConfiguration;
			buildSettings = {
				ALWAYS_EMBED_SWIFT_STANDARD_LIBRARIES = YES;
				BUNDLE_LOADER = "$(TEST_HOST)";
				CODE_SIGN_STYLE = Automatic;
				CURRENT_PROJECT_VERSION = 1;
				DEVELOPMENT_TEAM = KHVGXZ39NW;
				GENERATE_INFOPLIST_FILE = YES;
				IPHONEOS_DEPLOYMENT_TARGET = 16.1;
				MARKETING_VERSION = 1.0;
				PRODUCT_BUNDLE_IDENTIFIER = com.christianleovido.WordyMeTests;
				PRODUCT_NAME = "$(TARGET_NAME)";
				SWIFT_EMIT_LOC_STRINGS = NO;
				SWIFT_VERSION = 5.0;
				TARGETED_DEVICE_FAMILY = "1,2";
				TEST_HOST = "$(BUILT_PRODUCTS_DIR)/WordyMe.app/$(BUNDLE_EXECUTABLE_FOLDER_PATH)/WordyMe";
			};
			name = Release;
		};
		B93DC43429BAEBB600D08CAF /* Debug */ = {
			isa = XCBuildConfiguration;
			buildSettings = {
				ALWAYS_EMBED_SWIFT_STANDARD_LIBRARIES = YES;
				CODE_SIGN_STYLE = Automatic;
				CURRENT_PROJECT_VERSION = 1;
				DEVELOPMENT_TEAM = KHVGXZ39NW;
				GENERATE_INFOPLIST_FILE = YES;
				MARKETING_VERSION = 1.0;
				PRODUCT_BUNDLE_IDENTIFIER = com.christianleovido.WordyMeUITests;
				PRODUCT_NAME = "$(TARGET_NAME)";
				SWIFT_EMIT_LOC_STRINGS = NO;
				SWIFT_VERSION = 5.0;
				TARGETED_DEVICE_FAMILY = "1,2";
				TEST_TARGET_NAME = WordyMe;
			};
			name = Debug;
		};
		B93DC43529BAEBB600D08CAF /* Release */ = {
			isa = XCBuildConfiguration;
			buildSettings = {
				ALWAYS_EMBED_SWIFT_STANDARD_LIBRARIES = YES;
				CODE_SIGN_STYLE = Automatic;
				CURRENT_PROJECT_VERSION = 1;
				DEVELOPMENT_TEAM = KHVGXZ39NW;
				GENERATE_INFOPLIST_FILE = YES;
				MARKETING_VERSION = 1.0;
				PRODUCT_BUNDLE_IDENTIFIER = com.christianleovido.WordyMeUITests;
				PRODUCT_NAME = "$(TARGET_NAME)";
				SWIFT_EMIT_LOC_STRINGS = NO;
				SWIFT_VERSION = 5.0;
				TARGETED_DEVICE_FAMILY = "1,2";
				TEST_TARGET_NAME = WordyMe;
			};
			name = Release;
		};
/* End XCBuildConfiguration section */

/* Begin XCConfigurationList section */
		47A8BA3229D8E025004DD189 /* Build configuration list for PBXNativeTarget "WordIntentsUI" */ = {
			isa = XCConfigurationList;
			buildConfigurations = (
				47A8BA3329D8E025004DD189 /* Debug */,
				47A8BA3429D8E025004DD189 /* Release */,
			);
			defaultConfigurationIsVisible = 0;
			defaultConfigurationName = Release;
		};
		47A8BA3529D8E025004DD189 /* Build configuration list for PBXNativeTarget "WordIntents" */ = {
			isa = XCConfigurationList;
			buildConfigurations = (
				47A8BA3629D8E025004DD189 /* Debug */,
				47A8BA3729D8E025004DD189 /* Release */,
			);
			defaultConfigurationIsVisible = 0;
			defaultConfigurationName = Release;
		};
		B93DC3FE29BAEBB500D08CAF /* Build configuration list for PBXProject "WordyMe" */ = {
			isa = XCConfigurationList;
			buildConfigurations = (
				B93DC42B29BAEBB600D08CAF /* Debug */,
				B93DC42C29BAEBB600D08CAF /* Release */,
			);
			defaultConfigurationIsVisible = 0;
			defaultConfigurationName = Release;
		};
		B93DC42D29BAEBB600D08CAF /* Build configuration list for PBXNativeTarget "WordyMe" */ = {
			isa = XCConfigurationList;
			buildConfigurations = (
				B93DC42E29BAEBB600D08CAF /* Debug */,
				B93DC42F29BAEBB600D08CAF /* Release */,
			);
			defaultConfigurationIsVisible = 0;
			defaultConfigurationName = Release;
		};
		B93DC43029BAEBB600D08CAF /* Build configuration list for PBXNativeTarget "WordyMeTests" */ = {
			isa = XCConfigurationList;
			buildConfigurations = (
				B93DC43129BAEBB600D08CAF /* Debug */,
				B93DC43229BAEBB600D08CAF /* Release */,
			);
			defaultConfigurationIsVisible = 0;
			defaultConfigurationName = Release;
		};
		B93DC43329BAEBB600D08CAF /* Build configuration list for PBXNativeTarget "WordyMeUITests" */ = {
			isa = XCConfigurationList;
			buildConfigurations = (
				B93DC43429BAEBB600D08CAF /* Debug */,
				B93DC43529BAEBB600D08CAF /* Release */,
			);
			defaultConfigurationIsVisible = 0;
			defaultConfigurationName = Release;
		};
/* End XCConfigurationList section */

/* Begin XCSwiftPackageProductDependency section */
		471EA41429BFE588009A6E4F /* AppFeature */ = {
			isa = XCSwiftPackageProductDependency;
			productName = AppFeature;
		};
		47D3198329BE5E6700F75A20 /* BrainLibraryFeature */ = {
			isa = XCSwiftPackageProductDependency;
			productName = BrainLibraryFeature;
		};
/* End XCSwiftPackageProductDependency section */
	};
	rootObject = B93DC3FB29BAEBB500D08CAF /* Project object */;
}
